// !$*UTF8*$!
{
	archiveVersion = 1;
	classes = {
	};
	objectVersion = 56;
	objects = {

/* Begin PBXBuildFile section */
		3E11B8D92F399D8D00216A9A /* Assets.xcassets in Resources */ = {isa = PBXBuildFile; fileRef = 3E11B8D82F399D8D00216A9A /* Assets.xcassets */; };
		3E11B8DC2F399D8D00216A9A /* Preview Assets.xcassets in Resources */ = {isa = PBXBuildFile; fileRef = 3E11B8DB2F399D8D00216A9A /* Preview Assets.xcassets */; };
		3E11B8EA2F399DD500216A9A /* ContentView.swift in Sources */ = {isa = PBXBuildFile; fileRef = 3E11B8E22F399DD500216A9A /* ContentView.swift */; };
		3E11B8EB2F399DD500216A9A /* MainMenuView.swift in Sources */ = {isa = PBXBuildFile; fileRef = 3E11B8E32F399DD500216A9A /* MainMenuView.swift */; };
		3E11B8EC2F399DD500216A9A /* GamePlayView.swift in Sources */ = {isa = PBXBuildFile; fileRef = 3E11B8E42F399DD500216A9A /* GamePlayView.swift */; };
		3E11B8ED2F399DD500216A9A /* GameOverView.swift in Sources */ = {isa = PBXBuildFile; fileRef = 3E11B8E52F399DD500216A9A /* GameOverView.swift */; };
		3E11B8EE2F399DD500216A9A /* LeaderboardView.swift in Sources */ = {isa = PBXBuildFile; fileRef = 3E11B8E62F399DD500216A9A /* LeaderboardView.swift */; };
		3E11B8EF2F399DD500216A9A /* LevelSelectionView.swift in Sources */ = {isa = PBXBuildFile; fileRef = 3E11B8E72F399DD500216A9A /* LevelSelectionView.swift */; };
		3E11B8F02F399DD500216A9A /* WordCraftApp.swift in Sources */ = {isa = PBXBuildFile; fileRef = 3E11B8E82F399DD500216A9A /* WordCraftApp.swift */; };
		3E11B8F12F399DD500216A9A /* HowToPlayView.swift in Sources */ = {isa = PBXBuildFile; fileRef = 3E11B8E92F399DD500216A9A /* HowToPlayView.swift */; };
		3E15484B2F67A8BC00826857 /* WordDatabase.swift in Sources */ = {isa = PBXBuildFile; fileRef = 3E15484A2F67A8BC00826857 /* WordDatabase.swift */; };
		3E15484D2F67A8DB00826857 /* GameManager.swift in Sources */ = {isa = PBXBuildFile; fileRef = 3E15484C2F67A8DB00826857 /* GameManager.swift */; };
		3EBEEEBD2F67AC7F00AD364F /* SharedTypes.swift in Sources */ = {isa = PBXBuildFile; fileRef = 3EBEEEBC2F67AC7F00AD364F /* SharedTypes.swift */; };
		3EAA00012F6BC00000AA0001 /* SettingsView.swift in Sources */ = {isa = PBXBuildFile; fileRef = 3EAA00002F6BC00000AA0001 /* SettingsView.swift */; };
		3EAA00032F6BC00000AA0002 /* WelcomeView.swift in Sources */ = {isa = PBXBuildFile; fileRef = 3EAA00022F6BC00000AA0002 /* WelcomeView.swift */; };
/* End PBXBuildFile section */

/* Begin PBXFileReference section */
		3E11B8D12F399D8A00216A9A /* WordCraft.app */ = {isa = PBXFileReference; explicitFileType = wrapper.application; includeInIndex = 0; path = WordCraft.app; sourceTree = BUILT_PRODUCTS_DIR; };
		3E11B8D82F399D8D00216A9A /* Assets.xcassets */ = {isa = PBXFileReference; lastKnownFileType = folder.assetcatalog; path = Assets.xcassets; sourceTree = "<group>"; };
		3E11B8DB2F399D8D00216A9A /* Preview Assets.xcassets */ = {isa = PBXFileReference; lastKnownFileType = folder.assetcatalog; path = "Preview Assets.xcassets"; sourceTree = "<group>"; };
		3E11B8E22F399DD500216A9A /* ContentView.swift */ = {isa = PBXFileReference; fileEncoding = 4; lastKnownFileType = sourcecode.swift; path = ContentView.swift; sourceTree = "<group>"; };
		3E11B8E32F399DD500216A9A /* MainMenuView.swift */ = {isa = PBXFileReference; fileEncoding = 4; lastKnownFileType = sourcecode.swift; path = MainMenuView.swift; sourceTree = "<group>"; };
		3E11B8E42F399DD500216A9A /* GamePlayView.swift */ = {isa = PBXFileReference; fileEncoding = 4; lastKnownFileType = sourcecode.swift; path = GamePlayView.swift; sourceTree = "<group>"; };
		3E11B8E52F399DD500216A9A /* GameOverView.swift */ = {isa = PBXFileReference; fileEncoding = 4; lastKnownFileType = sourcecode.swift; path = GameOverView.swift; sourceTree = "<group>"; };
		3E11B8E62F399DD500216A9A /* LeaderboardView.swift */ = {isa = PBXFileReference; fileEncoding = 4; lastKnownFileType = sourcecode.swift; path = LeaderboardView.swift; sourceTree = "<group>"; };
		3E11B8E72F399DD500216A9A /* LevelSelectionView.swift */ = {isa = PBXFileReference; fileEncoding = 4; lastKnownFileType = sourcecode.swift; path = LevelSelectionView.swift; sourceTree = "<group>"; };
		3E11B8E82F399DD500216A9A /* WordCraftApp.swift */ = {isa = PBXFileReference; fileEncoding = 4; lastKnownFileType = sourcecode.swift; path = WordCraftApp.swift; sourceTree = "<group>"; };
		3E11B8E92F399DD500216A9A /* HowToPlayView.swift */ = {isa = PBXFileReference; fileEncoding = 4; lastKnownFileType = sourcecode.swift; path = HowToPlayView.swift; sourceTree = "<group>"; };
		3E15484A2F67A8BC00826857 /* WordDatabase.swift */ = {isa = PBXFileReference; lastKnownFileType = sourcecode.swift; path = WordDatabase.swift; sourceTree = "<group>"; };
		3E15484C2F67A8DB00826857 /* GameManager.swift */ = {isa = PBXFileReference; lastKnownFileType = sourcecode.swift; path = GameManager.swift; sourceTree = "<group>"; };
		3EBEEEBC2F67AC7F00AD364F /* SharedTypes.swift */ = {isa = PBXFileReference; lastKnownFileType = sourcecode.swift; path = SharedTypes.swift; sourceTree = "<group>"; };
		3EAA00002F6BC00000AA0001 /* SettingsView.swift */ = {isa = PBXFileReference; lastKnownFileType = sourcecode.swift; path = SettingsView.swift; sourceTree = "<group>"; };
		3EAA00022F6BC00000AA0002 /* WelcomeView.swift */ = {isa = PBXFileReference; lastKnownFileType = sourcecode.swift; path = WelcomeView.swift; sourceTree = "<group>"; };
/* End PBXFileReference section */

/* Begin PBXFrameworksBuildPhase section */
		3E11B8CE2F399D8A00216A9A /* Frameworks */ = {
			isa = PBXFrameworksBuildPhase;
			buildActionMask = 2147483647;
			files = (
			);
			runOnlyForDeploymentPostprocessing = 0;
		};
/* End PBXFrameworksBuildPhase section */

/* Begin PBXGroup section */
		3E11B8C82F399D8A00216A9A = {
			isa = PBXGroup;
			children = (
				3E11B8D32F399D8A00216A9A /* WordCraft */,
				3E11B8D22F399D8A00216A9A /* Products */,
			);
			sourceTree = "<group>";
		};
		3E11B8D22F399D8A00216A9A /* Products */ = {
			isa = PBXGroup;
			children = (
				3E11B8D12F399D8A00216A9A /* WordCraft.app */,
			);
			name = Products;
			sourceTree = "<group>";
		};
		3E11B8D32F399D8A00216A9A /* WordCraft */ = {
			isa = PBXGroup;
			children = (
				3EBEEEBC2F67AC7F00AD364F /* SharedTypes.swift */,
				3E11B8E22F399DD500216A9A /* ContentView.swift */,
				3E11B8E52F399DD500216A9A /* GameOverView.swift */,
				3E11B8E42F399DD500216A9A /* GamePlayView.swift */,
				3E11B8E92F399DD500216A9A /* HowToPlayView.swift */,
				3E11B8E62F399DD500216A9A /* LeaderboardView.swift */,
				3E11B8E72F399DD500216A9A /* LevelSelectionView.swift */,
				3E11B8E32F399DD500216A9A /* MainMenuView.swift */,
				3E11B8E82F399DD500216A9A /* WordCraftApp.swift */,
				3E11B8D82F399D8D00216A9A /* Assets.xcassets */,
				3E15484A2F67A8BC00826857 /* WordDatabase.swift */,
				3E15484C2F67A8DB00826857 /* GameManager.swift */,
				3EAA00002F6BC00000AA0001 /* SettingsView.swift */,
				3EAA00022F6BC00000AA0002 /* WelcomeView.swift */,
				3E11B8DA2F399D8D00216A9A /* Preview Content */,
			);
			path = WordCraft;
			sourceTree = "<group>";
		};
		3E11B8DA2F399D8D00216A9A /* Preview Content */ = {
			isa = PBXGroup;
			children = (
				3E11B8DB2F399D8D00216A9A /* Preview Assets.xcassets */,
			);
			path = "Preview Content";
			sourceTree = "<group>";
		};
/* End PBXGroup section */

/* Begin PBXNativeTarget section */
		3E11B8D02F399D8A00216A9A /* WordCraft */ = {
			isa = PBXNativeTarget;
			buildConfigurationList = 3E11B8DF2F399D8D00216A9A /* Build configuration list for PBXNativeTarget "WordCraft" */;
			buildPhases = (
				3E11B8CD2F399D8A00216A9A /* Sources */,
				3E11B8CE2F399D8A00216A9A /* Frameworks */,
				3E11B8CF2F399D8A00216A9A /* Resources */,
			);
			buildRules = (
			);
			dependencies = (
			);
			name = WordCraft;
			productName = WordCraft;
			productReference = 3E11B8D12F399D8A00216A9A /* WordCraft.app */;
			productType = "com.apple.product-type.application";
		};
/* End PBXNativeTarget section */

/* Begin PBXProject section */
		3E11B8C92F399D8A00216A9A /* Project object */ = {
			isa = PBXProject;
			attributes = {
				BuildIndependentTargetsInParallel = 1;
				LastSwiftUpdateCheck = 1510;
				LastUpgradeCheck = 1510;
				TargetAttributes = {
					3E11B8D02F399D8A00216A9A = {
						CreatedOnToolsVersion = 15.1;
					};
				};
			};
			buildConfigurationList = 3E11B8CC2F399D8A00216A9A /* Build configuration list for PBXProject "WordCraft" */;
			compatibilityVersion = "Xcode 14.0";
			developmentRegion = en;
			hasScannedForEncodings = 0;
			knownRegions = (
				en,
				Base,
			);
			mainGroup = 3E11B8C82F399D8A00216A9A;
			productRefGroup = 3E11B8D22F399D8A00216A9A /* Products */;
			projectDirPath = "";
			projectRoot = "";
			targets = (
				3E11B8D02F399D8A00216A9A /* WordCraft */,
			);
		};
/* End PBXProject section */

/* Begin PBXResourcesBuildPhase section */
		3E11B8CF2F399D8A00216A9A /* Resources */ = {
			isa = PBXResourcesBuildPhase;
			buildActionMask = 2147483647;
			files = (
				3E11B8DC2F399D8D00216A9A /* Preview Assets.xcassets in Resources */,
				3E11B8D92F399D8D00216A9A /* Assets.xcassets in Resources */,
			);
			runOnlyForDeploymentPostprocessing = 0;
		};
/* End PBXResourcesBuildPhase section */

/* Begin PBXSourcesBuildPhase section */
		3E11B8CD2F399D8A00216A9A /* Sources */ = {
			isa = PBXSourcesBuildPhase;
			buildActionMask = 2147483647;
			files = (
				3E11B8EB2F399DD500216A9A /* MainMenuView.swift in Sources */,
				3E11B8EE2F399DD500216A9A /* LeaderboardView.swift in Sources */,
				3E15484B2F67A8BC00826857 /* WordDatabase.swift in Sources */,
				3E11B8EF2F399DD500216A9A /* LevelSelectionView.swift in Sources */,
				3E11B8EC2F399DD500216A9A /* GamePlayView.swift in Sources */,
				3E11B8F12F399DD500216A9A /* HowToPlayView.swift in Sources */,
				3EBEEEBD2F67AC7F00AD364F /* SharedTypes.swift in Sources */,
				3E11B8ED2F399DD500216A9A /* GameOverView.swift in Sources */,
				3E11B8EA2F399DD500216A9A /* ContentView.swift in Sources */,
				3E11B8F02F399DD500216A9A /* WordCraftApp.swift in Sources */,
				3E15484D2F67A8DB00826857 /* GameManager.swift in Sources */,
				3EAA00012F6BC00000AA0001 /* SettingsView.swift in Sources */,
				3EAA00032F6BC00000AA0002 /* WelcomeView.swift in Sources */,
			);
			runOnlyForDeploymentPostprocessing = 0;
		};
/* End PBXSourcesBuildPhase section */

/* Begin XCBuildConfiguration section */
		3E11B8DD2F399D8D00216A9A /* Debug */ = {
			isa = XCBuildConfiguration;
			buildSettings = {
				ALWAYS_SEARCH_USER_PATHS = NO;
				ASSETCATALOG_COMPILER_GENERATE_SWIFT_ASSET_SYMBOL_EXTENSIONS = YES;
				CLANG_ANALYZER_NONNULL = YES;
				CLANG_ANALYZER_NUMBER_OBJECT_CONVERSION = YES_AGGRESSIVE;
				CLANG_CXX_LANGUAGE_STANDARD = "gnu++20";
				CLANG_ENABLE_MODULES = YES;
				CLANG_ENABLE_OBJC_ARC = YES;
				CLANG_ENABLE_OBJC_WEAK = YES;
				CLANG_WARN_BLOCK_CAPTURE_AUTORELEASING = YES;
				CLANG_WARN_BOOL_CONVERSION = YES;
				CLANG_WARN_COMMA = YES;
				CLANG_WARN_CONSTANT_CONVERSION = YES;
				CLANG_WARN_DEPRECATED_OBJC_IMPLEMENTATIONS = YES;
				CLANG_WARN_DIRECT_OBJC_ISA_USAGE = YES_ERROR;
				CLANG_WARN_DOCUMENTATION_COMMENTS = YES;
				CLANG_WARN_EMPTY_BODY = YES;
				CLANG_WARN_ENUM_CONVERSION = YES;
				CLANG_WARN_INFINITE_RECURSION = YES;
				CLANG_WARN_INT_CONVERSION = YES;
				CLANG_WARN_NON_LITERAL_NULL_CONVERSION = YES;
				CLANG_WARN_OBJC_IMPLICIT_RETAIN_SELF = YES;
				CLANG_WARN_OBJC_LITERAL_CONVERSION = YES;
				CLANG_WARN_OBJC_ROOT_CLASS = YES_ERROR;
				CLANG_WARN_QUOTED_INCLUDE_IN_FRAMEWORK_HEADER = YES;
				CLANG_WARN_RANGE_LOOP_ANALYSIS = YES;
				CLANG_WARN_STRICT_PROTOTYPES = YES;
				CLANG_WARN_SUSPICIOUS_MOVE = YES;
				CLANG_WARN_UNGUARDED_AVAILABILITY = YES_AGGRESSIVE;
				CLANG_WARN_UNREACHABLE_CODE = YES;
				CLANG_WARN__DUPLICATE_METHOD_MATCH = YES;
				COPY_PHASE_STRIP = NO;
				DEBUG_INFORMATION_FORMAT = dwarf;
				ENABLE_STRICT_OBJC_MSGSEND = YES;
				ENABLE_TESTABILITY = YES;
				ENABLE_USER_SCRIPT_SANDBOXING = YES;
				GCC_C_LANGUAGE_STANDARD = gnu17;
				GCC_DYNAMIC_NO_PIC = NO;
				GCC_NO_COMMON_BLOCKS = YES;
				GCC_OPTIMIZATION_LEVEL = 0;
				GCC_PREPROCESSOR_DEFINITIONS = (
					"DEBUG=1",
					"$(inherited)",
				);
				GCC_WARN_64_TO_32_BIT_CONVERSION = YES;
				GCC_WARN_ABOUT_RETURN_TYPE = YES_ERROR;
				GCC_WARN_UNDECLARED_SELECTOR = YES;
				GCC_WARN_UNINITIALIZED_AUTOS = YES_AGGRESSIVE;
				GCC_WARN_UNUSED_FUNCTION = YES;
				GCC_WARN_UNUSED_VARIABLE = YES;
				IPHONEOS_DEPLOYMENT_TARGET = 17.2;
				LOCALIZATION_PREFERS_STRING_CATALOGS = YES;
				MTL_ENABLE_DEBUG_INFO = INCLUDE_SOURCE;
				MTL_FAST_MATH = YES;
				ONLY_ACTIVE_ARCH = YES;
				SDKROOT = iphoneos;
				SWIFT_ACTIVE_COMPILATION_CONDITIONS = "DEBUG $(inherited)";
				SWIFT_OPTIMIZATION_LEVEL = "-Onone";
			};
			name = Debug;
		};
		3E11B8DE2F399D8D00216A9A /* Release */ = {
			isa = XCBuildConfiguration;
			buildSettings = {
				ALWAYS_SEARCH_USER_PATHS = NO;
				ASSETCATALOG_COMPILER_GENERATE_SWIFT_ASSET_SYMBOL_EXTENSIONS = YES;
				CLANG_ANALYZER_NONNULL = YES;
				CLANG_ANALYZER_NUMBER_OBJECT_CONVERSION = YES_AGGRESSIVE;
				CLANG_CXX_LANGUAGE_STANDARD = "gnu++20";
				CLANG_ENABLE_MODULES = YES;
				CLANG_ENABLE_OBJC_ARC = YES;
				CLANG_ENABLE_OBJC_WEAK = YES;
				CLANG_WARN_BLOCK_CAPTURE_AUTORELEASING = YES;
				CLANG_WARN_BOOL_CONVERSION = YES;
				CLANG_WARN_COMMA = YES;
				CLANG_WARN_CONSTANT_CONVERSION = YES;
				CLANG_WARN_DEPRECATED_OBJC_IMPLEMENTATIONS = YES;
				CLANG_WARN_DIRECT_OBJC_ISA_USAGE = YES_ERROR;
				CLANG_WARN_DOCUMENTATION_COMMENTS = YES;
				CLANG_WARN_EMPTY_BODY = YES;
				CLANG_WARN_ENUM_CONVERSION = YES;
				CLANG_WARN_INFINITE_RECURSION = YES;
				CLANG_WARN_INT_CONVERSION = YES;
				CLANG_WARN_NON_LITERAL_NULL_CONVERSION = YES;
				CLANG_WARN_OBJC_IMPLICIT_RETAIN_SELF = YES;
				CLANG_WARN_OBJC_LITERAL_CONVERSION = YES;
				CLANG_WARN_OBJC_ROOT_CLASS = YES_ERROR;
				CLANG_WARN_QUOTED_INCLUDE_IN_FRAMEWORK_HEADER = YES;
				CLANG_WARN_RANGE_LOOP_ANALYSIS = YES;
				CLANG_WARN_STRICT_PROTOTYPES = YES;
				CLANG_WARN_SUSPICIOUS_MOVE = YES;
				CLANG_WARN_UNGUARDED_AVAILABILITY = YES_AGGRESSIVE;
				CLANG_WARN_UNREACHABLE_CODE = YES;
				CLANG_WARN__DUPLICATE_METHOD_MATCH = YES;
				COPY_PHASE_STRIP = NO;
				DEBUG_INFORMATION_FORMAT = "dwarf-with-dsym";
				ENABLE_NS_ASSERTIONS = NO;
				ENABLE_STRICT_OBJC_MSGSEND = YES;
				ENABLE_USER_SCRIPT_SANDBOXING = YES;
				GCC_C_LANGUAGE_STANDARD = gnu17;
				GCC_NO_COMMON_BLOCKS = YES;
				GCC_WARN_64_TO_32_BIT_CONVERSION = YES;
				GCC_WARN_ABOUT_RETURN_TYPE = YES_ERROR;
				GCC_WARN_UNDECLARED_SELECTOR = YES;
				GCC_WARN_UNINITIALIZED_AUTOS = YES_AGGRESSIVE;
				GCC_WARN_UNUSED_FUNCTION = YES;
				GCC_WARN_UNUSED_VARIABLE = YES;
				IPHONEOS_DEPLOYMENT_TARGET = 17.2;
				LOCALIZATION_PREFERS_STRING_CATALOGS = YES;
				MTL_ENABLE_DEBUG_INFO = NO;
				MTL_FAST_MATH = YES;
				SDKROOT = iphoneos;
				SWIFT_COMPILATION_MODE = wholemodule;
				VALIDATE_PRODUCT = YES;
			};
			name = Release;
		};
		3E11B8E02F399D8D00216A9A /* Debug */ = {
			isa = XCBuildConfiguration;
			buildSettings = {
				ASSETCATALOG_COMPILER_APPICON_NAME = AppIcon;
				ASSETCATALOG_COMPILER_GLOBAL_ACCENT_COLOR_NAME = AccentColor;
				CODE_SIGN_STYLE = Automatic;
				CURRENT_PROJECT_VERSION = 1;
				DEVELOPMENT_ASSET_PATHS = "\"WordCraft/Preview Content\"";
				ENABLE_PREVIEWS = YES;
				GENERATE_INFOPLIST_FILE = YES;
				INFOPLIST_KEY_UIApplicationSceneManifest_Generation = YES;
				INFOPLIST_KEY_UIApplicationSupportsIndirectInputEvents = YES;
				INFOPLIST_KEY_UILaunchScreen_Generation = YES;
				INFOPLIST_KEY_UISupportedInterfaceOrientations_iPad = "UIInterfaceOrientationPortrait UIInterfaceOrientationPortraitUpsideDown UIInterfaceOrientationLandscapeLeft UIInterfaceOrientationLandscapeRight";
				INFOPLIST_KEY_UISupportedInterfaceOrientations_iPhone = "UIInterfaceOrientationPortrait UIInterfaceOrientationLandscapeLeft UIInterfaceOrientationLandscapeRight";
				LD_RUNPATH_SEARCH_PATHS = (
					"$(inherited)",
					"@executable_path/Frameworks",
				);
				MARKETING_VERSION = 1.0;
				PRODUCT_BUNDLE_IDENTIFIER = kamidummy.WordCraft;
				PRODUCT_NAME = "$(TARGET_NAME)";
				SWIFT_EMIT_LOC_STRINGS = YES;
				SWIFT_VERSION = 5.0;
				TARGETED_DEVICE_FAMILY = "1,2";
			};
			name = Debug;
		};
		3E11B8E12F399D8D00216A9A /* Release */ = {
			isa = XCBuildConfiguration;
			buildSettings = {
				ASSETCATALOG_COMPILER_APPICON_NAME = AppIcon;
				ASSETCATALOG_COMPILER_GLOBAL_ACCENT_COLOR_NAME = AccentColor;
				CODE_SIGN_STYLE = Automatic;
				CURRENT_PROJECT_VERSION = 1;
				DEVELOPMENT_ASSET_PATHS = "\"WordCraft/Preview Content\"";
				ENABLE_PREVIEWS = YES;
				GENERATE_INFOPLIST_FILE = YES;
				INFOPLIST_KEY_UIApplicationSceneManifest_Generation = YES;
				INFOPLIST_KEY_UIApplicationSupportsIndirectInputEvents = YES;
				INFOPLIST_KEY_UILaunchScreen_Generation = YES;
				INFOPLIST_KEY_UISupportedInterfaceOrientations_iPad = "UIInterfaceOrientationPortrait UIInterfaceOrientationPortraitUpsideDown UIInterfaceOrientationLandscapeLeft UIInterfaceOrientationLandscapeRight";
				INFOPLIST_KEY_UISupportedInterfaceOrientations_iPhone = "UIInterfaceOrientationPortrait UIInterfaceOrientationLandscapeLeft UIInterfaceOrientationLandscapeRight";
				LD_RUNPATH_SEARCH_PATHS = (
					"$(inherited)",
					"@executable_path/Frameworks",
				);
				MARKETING_VERSION = 1.0;
				PRODUCT_BUNDLE_IDENTIFIER = kamidummy.WordCraft;
				PRODUCT_NAME = "$(TARGET_NAME)";
				SWIFT_EMIT_LOC_STRINGS = YES;
				SWIFT_VERSION = 5.0;
				TARGETED_DEVICE_FAMILY = "1,2";
			};
			name = Release;
		};
/* End XCBuildConfiguration section */

/* Begin XCConfigurationList section */
		3E11B8CC2F399D8A00216A9A /* Build configuration list for PBXProject "WordCraft" */ = {
			isa = XCConfigurationList;
			buildConfigurations = (
				3E11B8DD2F399D8D00216A9A /* Debug */,
				3E11B8DE2F399D8D00216A9A /* Release */,
			);
			defaultConfigurationIsVisible = 0;
			defaultConfigurationName = Release;
		};
		3E11B8DF2F399D8D00216A9A /* Build configuration list for PBXNativeTarget "WordCraft" */ = {
			isa = XCConfigurationList;
			buildConfigurations = (
				3E11B8E02F399D8D00216A9A /* Debug */,
				3E11B8E12F399D8D00216A9A /* Release */,
			);
			defaultConfigurationIsVisible = 0;
			defaultConfigurationName = Release;
		};
/* End XCConfigurationList section */
	};
	rootObject = 3E11B8C92F399D8A00216A9A /* Project object */;
}
